// !$*UTF8*$!
{
	archiveVersion = 1;
	classes = {
	};
	objectVersion = 56;
	objects = {

/* Begin PBXBuildFile section */
		CB4A6CC7299299FC0012195A /* RMGetAllCharactersResponse.swift in Sources */ = {isa = PBXBuildFile; fileRef = CB4A6CC6299299FC0012195A /* RMGetAllCharactersResponse.swift */; };
		CB4A6CC929929C480012195A /* CharacterListViewViewModel.swift in Sources */ = {isa = PBXBuildFile; fileRef = CB4A6CC829929C480012195A /* CharacterListViewViewModel.swift */; };
		CB4A6CCB29929C910012195A /* CharacterListView.swift in Sources */ = {isa = PBXBuildFile; fileRef = CB4A6CCA29929C910012195A /* CharacterListView.swift */; };
		CB4A6CCD29929EF50012195A /* Extensions.swift in Sources */ = {isa = PBXBuildFile; fileRef = CB4A6CCC29929EF50012195A /* Extensions.swift */; };
		CBD7E372298E7AE5004C06CF /* AppDelegate.swift in Sources */ = {isa = PBXBuildFile; fileRef = CBD7E371298E7AE5004C06CF /* AppDelegate.swift */; };
		CBD7E374298E7AE5004C06CF /* SceneDelegate.swift in Sources */ = {isa = PBXBuildFile; fileRef = CBD7E373298E7AE5004C06CF /* SceneDelegate.swift */; };
		CBD7E376298E7AE5004C06CF /* RMTabBarController.swift in Sources */ = {isa = PBXBuildFile; fileRef = CBD7E375298E7AE5004C06CF /* RMTabBarController.swift */; };
		CBD7E37B298E7AE6004C06CF /* Assets.xcassets in Resources */ = {isa = PBXBuildFile; fileRef = CBD7E37A298E7AE6004C06CF /* Assets.xcassets */; };
		CBD7E37E298E7AE6004C06CF /* LaunchScreen.storyboard in Resources */ = {isa = PBXBuildFile; fileRef = CBD7E37C298E7AE6004C06CF /* LaunchScreen.storyboard */; };
		CBD7E38D298EE591004C06CF /* RMLocation.swift in Sources */ = {isa = PBXBuildFile; fileRef = CBD7E38C298EE591004C06CF /* RMLocation.swift */; };
		CBD7E38F298EE597004C06CF /* RMCharacter.swift in Sources */ = {isa = PBXBuildFile; fileRef = CBD7E38E298EE597004C06CF /* RMCharacter.swift */; };
		CBD7E391298EE59C004C06CF /* RMEpisode.swift in Sources */ = {isa = PBXBuildFile; fileRef = CBD7E390298EE59C004C06CF /* RMEpisode.swift */; };
		CBD7E394298EE622004C06CF /* RMCharacterViewController.swift in Sources */ = {isa = PBXBuildFile; fileRef = CBD7E393298EE622004C06CF /* RMCharacterViewController.swift */; };
		CBD7E396298EE632004C06CF /* RMLocationViewController.swift in Sources */ = {isa = PBXBuildFile; fileRef = CBD7E395298EE632004C06CF /* RMLocationViewController.swift */; };
		CBD7E398298EE63B004C06CF /* RMEpisodeViewController.swift in Sources */ = {isa = PBXBuildFile; fileRef = CBD7E397298EE63B004C06CF /* RMEpisodeViewController.swift */; };
		CBD7E39A298EE641004C06CF /* RMSettingsViewController.swift in Sources */ = {isa = PBXBuildFile; fileRef = CBD7E399298EE641004C06CF /* RMSettingsViewController.swift */; };
		CBD7E39C298F1211004C06CF /* RMService.swift in Sources */ = {isa = PBXBuildFile; fileRef = CBD7E39B298F1211004C06CF /* RMService.swift */; };
		CBD7E39E298F121B004C06CF /* RMRequest.swift in Sources */ = {isa = PBXBuildFile; fileRef = CBD7E39D298F121B004C06CF /* RMRequest.swift */; };
		CBD7E3A0298F1289004C06CF /* RMEndpoint.swift in Sources */ = {isa = PBXBuildFile; fileRef = CBD7E39F298F1289004C06CF /* RMEndpoint.swift */; };
		CBD7E3A2298F15F4004C06CF /* RMOrigin.swift in Sources */ = {isa = PBXBuildFile; fileRef = CBD7E3A1298F15F4004C06CF /* RMOrigin.swift */; };
		CBD7E3A4298F1638004C06CF /* RMSingleLocation.swift in Sources */ = {isa = PBXBuildFile; fileRef = CBD7E3A3298F1638004C06CF /* RMSingleLocation.swift */; };
		CBD7E3A6298F16B9004C06CF /* RMCharacterStatus.swift in Sources */ = {isa = PBXBuildFile; fileRef = CBD7E3A5298F16B9004C06CF /* RMCharacterStatus.swift */; };
		CBD7E3A8298F16D8004C06CF /* RMCharacterGender.swift in Sources */ = {isa = PBXBuildFile; fileRef = CBD7E3A7298F16D8004C06CF /* RMCharacterGender.swift */; };
/* End PBXBuildFile section */

/* Begin PBXFileReference section */
		CB4A6CC6299299FC0012195A /* RMGetAllCharactersResponse.swift */ = {isa = PBXFileReference; lastKnownFileType = sourcecode.swift; path = RMGetAllCharactersResponse.swift; sourceTree = "<group>"; };
		CB4A6CC829929C480012195A /* CharacterListViewViewModel.swift */ = {isa = PBXFileReference; lastKnownFileType = sourcecode.swift; path = CharacterListViewViewModel.swift; sourceTree = "<group>"; };
		CB4A6CCA29929C910012195A /* CharacterListView.swift */ = {isa = PBXFileReference; lastKnownFileType = sourcecode.swift; path = CharacterListView.swift; sourceTree = "<group>"; };
		CB4A6CCC29929EF50012195A /* Extensions.swift */ = {isa = PBXFileReference; lastKnownFileType = sourcecode.swift; path = Extensions.swift; sourceTree = "<group>"; };
		CBD7E36E298E7AE5004C06CF /* Rick&Morty.app */ = {isa = PBXFileReference; explicitFileType = wrapper.application; includeInIndex = 0; path = "Rick&Morty.app"; sourceTree = BUILT_PRODUCTS_DIR; };
		CBD7E371298E7AE5004C06CF /* AppDelegate.swift */ = {isa = PBXFileReference; lastKnownFileType = sourcecode.swift; path = AppDelegate.swift; sourceTree = "<group>"; };
		CBD7E373298E7AE5004C06CF /* SceneDelegate.swift */ = {isa = PBXFileReference; lastKnownFileType = sourcecode.swift; path = SceneDelegate.swift; sourceTree = "<group>"; };
		CBD7E375298E7AE5004C06CF /* RMTabBarController.swift */ = {isa = PBXFileReference; lastKnownFileType = sourcecode.swift; path = RMTabBarController.swift; sourceTree = "<group>"; };
		CBD7E37A298E7AE6004C06CF /* Assets.xcassets */ = {isa = PBXFileReference; lastKnownFileType = folder.assetcatalog; path = Assets.xcassets; sourceTree = "<group>"; };
		CBD7E37D298E7AE6004C06CF /* Base */ = {isa = PBXFileReference; lastKnownFileType = file.storyboard; name = Base; path = Base.lproj/LaunchScreen.storyboard; sourceTree = "<group>"; };
		CBD7E37F298E7AE6004C06CF /* Info.plist */ = {isa = PBXFileReference; lastKnownFileType = text.plist.xml; path = Info.plist; sourceTree = "<group>"; };
		CBD7E38C298EE591004C06CF /* RMLocation.swift */ = {isa = PBXFileReference; lastKnownFileType = sourcecode.swift; path = RMLocation.swift; sourceTree = "<group>"; };
		CBD7E38E298EE597004C06CF /* RMCharacter.swift */ = {isa = PBXFileReference; lastKnownFileType = sourcecode.swift; path = RMCharacter.swift; sourceTree = "<group>"; };
		CBD7E390298EE59C004C06CF /* RMEpisode.swift */ = {isa = PBXFileReference; lastKnownFileType = sourcecode.swift; path = RMEpisode.swift; sourceTree = "<group>"; };
		CBD7E393298EE622004C06CF /* RMCharacterViewController.swift */ = {isa = PBXFileReference; lastKnownFileType = sourcecode.swift; path = RMCharacterViewController.swift; sourceTree = "<group>"; };
		CBD7E395298EE632004C06CF /* RMLocationViewController.swift */ = {isa = PBXFileReference; lastKnownFileType = sourcecode.swift; path = RMLocationViewController.swift; sourceTree = "<group>"; };
		CBD7E397298EE63B004C06CF /* RMEpisodeViewController.swift */ = {isa = PBXFileReference; lastKnownFileType = sourcecode.swift; path = RMEpisodeViewController.swift; sourceTree = "<group>"; };
		CBD7E399298EE641004C06CF /* RMSettingsViewController.swift */ = {isa = PBXFileReference; lastKnownFileType = sourcecode.swift; path = RMSettingsViewController.swift; sourceTree = "<group>"; };
		CBD7E39B298F1211004C06CF /* RMService.swift */ = {isa = PBXFileReference; lastKnownFileType = sourcecode.swift; path = RMService.swift; sourceTree = "<group>"; };
		CBD7E39D298F121B004C06CF /* RMRequest.swift */ = {isa = PBXFileReference; lastKnownFileType = sourcecode.swift; path = RMRequest.swift; sourceTree = "<group>"; };
		CBD7E39F298F1289004C06CF /* RMEndpoint.swift */ = {isa = PBXFileReference; lastKnownFileType = sourcecode.swift; path = RMEndpoint.swift; sourceTree = "<group>"; };
		CBD7E3A1298F15F4004C06CF /* RMOrigin.swift */ = {isa = PBXFileReference; lastKnownFileType = sourcecode.swift; path = RMOrigin.swift; sourceTree = "<group>"; };
		CBD7E3A3298F1638004C06CF /* RMSingleLocation.swift */ = {isa = PBXFileReference; lastKnownFileType = sourcecode.swift; path = RMSingleLocation.swift; sourceTree = "<group>"; };
		CBD7E3A5298F16B9004C06CF /* RMCharacterStatus.swift */ = {isa = PBXFileReference; lastKnownFileType = sourcecode.swift; path = RMCharacterStatus.swift; sourceTree = "<group>"; };
		CBD7E3A7298F16D8004C06CF /* RMCharacterGender.swift */ = {isa = PBXFileReference; lastKnownFileType = sourcecode.swift; path = RMCharacterGender.swift; sourceTree = "<group>"; };
/* End PBXFileReference section */

/* Begin PBXFrameworksBuildPhase section */
		CBD7E36B298E7AE5004C06CF /* Frameworks */ = {
			isa = PBXFrameworksBuildPhase;
			buildActionMask = 2147483647;
			files = (
			);
			runOnlyForDeploymentPostprocessing = 0;
		};
/* End PBXFrameworksBuildPhase section */

/* Begin PBXGroup section */
		CB4A6CC2299299C90012195A /* DataTypes */ = {
			isa = PBXGroup;
			children = (
				CBD7E38C298EE591004C06CF /* RMLocation.swift */,
				CBD7E38E298EE597004C06CF /* RMCharacter.swift */,
				CBD7E390298EE59C004C06CF /* RMEpisode.swift */,
				CBD7E3A1298F15F4004C06CF /* RMOrigin.swift */,
				CBD7E3A3298F1638004C06CF /* RMSingleLocation.swift */,
				CBD7E3A5298F16B9004C06CF /* RMCharacterStatus.swift */,
				CBD7E3A7298F16D8004C06CF /* RMCharacterGender.swift */,
			);
			path = DataTypes;
			sourceTree = "<group>";
		};
		CB4A6CC3299299D60012195A /* APIResponseTypes */ = {
			isa = PBXGroup;
			children = (
				CB4A6CC6299299FC0012195A /* RMGetAllCharactersResponse.swift */,
			);
			path = APIResponseTypes;
			sourceTree = "<group>";
		};
		CBD7E365298E7AE5004C06CF = {
			isa = PBXGroup;
			children = (
				CBD7E370298E7AE5004C06CF /* Rick&Morty */,
				CBD7E36F298E7AE5004C06CF /* Products */,
			);
			sourceTree = "<group>";
		};
		CBD7E36F298E7AE5004C06CF /* Products */ = {
			isa = PBXGroup;
			children = (
				CBD7E36E298E7AE5004C06CF /* Rick&Morty.app */,
			);
			name = Products;
			sourceTree = "<group>";
		};
		CBD7E370298E7AE5004C06CF /* Rick&Morty */ = {
			isa = PBXGroup;
			children = (
				CBD7E38B298EE52A004C06CF /* APIClient */,
				CBD7E38A298EE527004C06CF /* Managers */,
				CBD7E389298EE51C004C06CF /* Resources */,
				CBD7E385298EE4E0004C06CF /* Views */,
				CBD7E387298EE4E8004C06CF /* ViewModels */,
				CBD7E386298EE4E4004C06CF /* Controllers */,
				CBD7E388298EE4EF004C06CF /* Models */,
				CBD7E37F298E7AE6004C06CF /* Info.plist */,
			);
			path = "Rick&Morty";
			sourceTree = "<group>";
		};
		CBD7E385298EE4E0004C06CF /* Views */ = {
			isa = PBXGroup;
			children = (
				CB4A6CCA29929C910012195A /* CharacterListView.swift */,
			);
			path = Views;
			sourceTree = "<group>";
		};
		CBD7E386298EE4E4004C06CF /* Controllers */ = {
			isa = PBXGroup;
			children = (
				CBD7E392298EE5ED004C06CF /* Core */,
			);
			path = Controllers;
			sourceTree = "<group>";
		};
		CBD7E387298EE4E8004C06CF /* ViewModels */ = {
			isa = PBXGroup;
			children = (
				CB4A6CC829929C480012195A /* CharacterListViewViewModel.swift */,
			);
			path = ViewModels;
			sourceTree = "<group>";
		};
		CBD7E388298EE4EF004C06CF /* Models */ = {
			isa = PBXGroup;
			children = (
				CB4A6CC3299299D60012195A /* APIResponseTypes */,
				CB4A6CC2299299C90012195A /* DataTypes */,
			);
			path = Models;
			sourceTree = "<group>";
		};
		CBD7E389298EE51C004C06CF /* Resources */ = {
			isa = PBXGroup;
			children = (
				CBD7E371298E7AE5004C06CF /* AppDelegate.swift */,
				CBD7E373298E7AE5004C06CF /* SceneDelegate.swift */,
				CBD7E37A298E7AE6004C06CF /* Assets.xcassets */,
				CBD7E37C298E7AE6004C06CF /* LaunchScreen.storyboard */,
				CB4A6CCC29929EF50012195A /* Extensions.swift */,
			);
			path = Resources;
			sourceTree = "<group>";
		};
		CBD7E38A298EE527004C06CF /* Managers */ = {
			isa = PBXGroup;
			children = (
			);
			path = Managers;
			sourceTree = "<group>";
		};
		CBD7E38B298EE52A004C06CF /* APIClient */ = {
			isa = PBXGroup;
			children = (
				CBD7E39B298F1211004C06CF /* RMService.swift */,
				CBD7E39D298F121B004C06CF /* RMRequest.swift */,
				CBD7E39F298F1289004C06CF /* RMEndpoint.swift */,
			);
			path = APIClient;
			sourceTree = "<group>";
		};
		CBD7E392298EE5ED004C06CF /* Core */ = {
			isa = PBXGroup;
			children = (
				CBD7E375298E7AE5004C06CF /* RMTabBarController.swift */,
				CBD7E393298EE622004C06CF /* RMCharacterViewController.swift */,
				CBD7E395298EE632004C06CF /* RMLocationViewController.swift */,
				CBD7E397298EE63B004C06CF /* RMEpisodeViewController.swift */,
				CBD7E399298EE641004C06CF /* RMSettingsViewController.swift */,
			);
			path = Core;
			sourceTree = "<group>";
		};
/* End PBXGroup section */

/* Begin PBXNativeTarget section */
		CBD7E36D298E7AE5004C06CF /* Rick&Morty */ = {
			isa = PBXNativeTarget;
			buildConfigurationList = CBD7E382298E7AE6004C06CF /* Build configuration list for PBXNativeTarget "Rick&Morty" */;
			buildPhases = (
				CBD7E36A298E7AE5004C06CF /* Sources */,
				CBD7E36B298E7AE5004C06CF /* Frameworks */,
				CBD7E36C298E7AE5004C06CF /* Resources */,
				CBA690B3299137FE001F93DB /* SwiftFormat */,
			);
			buildRules = (
			);
			dependencies = (
			);
			name = "Rick&Morty";
			productName = "Rick&Morty";
			productReference = CBD7E36E298E7AE5004C06CF /* Rick&Morty.app */;
			productType = "com.apple.product-type.application";
		};
/* End PBXNativeTarget section */

/* Begin PBXProject section */
		CBD7E366298E7AE5004C06CF /* Project object */ = {
			isa = PBXProject;
			attributes = {
				BuildIndependentTargetsInParallel = 1;
				LastSwiftUpdateCheck = 1420;
				LastUpgradeCheck = 1420;
				TargetAttributes = {
					CBD7E36D298E7AE5004C06CF = {
						CreatedOnToolsVersion = 14.2;
					};
				};
			};
			buildConfigurationList = CBD7E369298E7AE5004C06CF /* Build configuration list for PBXProject "Rick&Morty" */;
			compatibilityVersion = "Xcode 14.0";
			developmentRegion = en;
			hasScannedForEncodings = 0;
			knownRegions = (
				en,
				Base,
			);
			mainGroup = CBD7E365298E7AE5004C06CF;
			productRefGroup = CBD7E36F298E7AE5004C06CF /* Products */;
			projectDirPath = "";
			projectRoot = "";
			targets = (
				CBD7E36D298E7AE5004C06CF /* Rick&Morty */,
			);
		};
/* End PBXProject section */

/* Begin PBXResourcesBuildPhase section */
		CBD7E36C298E7AE5004C06CF /* Resources */ = {
			isa = PBXResourcesBuildPhase;
			buildActionMask = 2147483647;
			files = (
				CBD7E37E298E7AE6004C06CF /* LaunchScreen.storyboard in Resources */,
				CBD7E37B298E7AE6004C06CF /* Assets.xcassets in Resources */,
			);
			runOnlyForDeploymentPostprocessing = 0;
		};
/* End PBXResourcesBuildPhase section */

/* Begin PBXShellScriptBuildPhase section */
		CBA690B3299137FE001F93DB /* SwiftFormat */ = {
			isa = PBXShellScriptBuildPhase;
			buildActionMask = 2147483647;
			files = (
			);
			inputFileListPaths = (
			);
			inputPaths = (
			);
			name = SwiftFormat;
			outputFileListPaths = (
			);
			outputPaths = (
			);
			runOnlyForDeploymentPostprocessing = 0;
			shellPath = /bin/sh;
			shellScript = "export PATH=\"$PATH:/opt/homebrew/bin\"\nif which swiftformat >/dev/null; then\n  swiftformat .\nelse\n  echo \"warning: SwiftFormat not installed, download from https://github.com/nicklockwood/SwiftFormat\"\nfi\n";
		};
/* End PBXShellScriptBuildPhase section */

/* Begin PBXSourcesBuildPhase section */
		CBD7E36A298E7AE5004C06CF /* Sources */ = {
			isa = PBXSourcesBuildPhase;
			buildActionMask = 2147483647;
			files = (
				CBD7E3A2298F15F4004C06CF /* RMOrigin.swift in Sources */,
				CBD7E3A4298F1638004C06CF /* RMSingleLocation.swift in Sources */,
				CB4A6CCB29929C910012195A /* CharacterListView.swift in Sources */,
				CB4A6CC7299299FC0012195A /* RMGetAllCharactersResponse.swift in Sources */,
				CBD7E3A6298F16B9004C06CF /* RMCharacterStatus.swift in Sources */,
				CBD7E3A8298F16D8004C06CF /* RMCharacterGender.swift in Sources */,
				CBD7E396298EE632004C06CF /* RMLocationViewController.swift in Sources */,
				CBD7E391298EE59C004C06CF /* RMEpisode.swift in Sources */,
				CBD7E376298E7AE5004C06CF /* RMTabBarController.swift in Sources */,
				CBD7E398298EE63B004C06CF /* RMEpisodeViewController.swift in Sources */,
				CBD7E372298E7AE5004C06CF /* AppDelegate.swift in Sources */,
				CBD7E374298E7AE5004C06CF /* SceneDelegate.swift in Sources */,
				CBD7E39A298EE641004C06CF /* RMSettingsViewController.swift in Sources */,
				CB4A6CCD29929EF50012195A /* Extensions.swift in Sources */,
				CBD7E39C298F1211004C06CF /* RMService.swift in Sources */,
				CBD7E38D298EE591004C06CF /* RMLocation.swift in Sources */,
				CBD7E3A0298F1289004C06CF /* RMEndpoint.swift in Sources */,
				CBD7E38F298EE597004C06CF /* RMCharacter.swift in Sources */,
				CBD7E39E298F121B004C06CF /* RMRequest.swift in Sources */,
				CB4A6CC929929C480012195A /* CharacterListViewViewModel.swift in Sources */,
				CBD7E394298EE622004C06CF /* RMCharacterViewController.swift in Sources */,
			);
			runOnlyForDeploymentPostprocessing = 0;
		};
/* End PBXSourcesBuildPhase section */

/* Begin PBXVariantGroup section */
		CBD7E37C298E7AE6004C06CF /* LaunchScreen.storyboard */ = {
			isa = PBXVariantGroup;
			children = (
				CBD7E37D298E7AE6004C06CF /* Base */,
			);
			name = LaunchScreen.storyboard;
			sourceTree = "<group>";
		};
/* End PBXVariantGroup section */

/* Begin XCBuildConfiguration section */
		CBD7E380298E7AE6004C06CF /* Debug */ = {
			isa = XCBuildConfiguration;
			buildSettings = {
				ALWAYS_SEARCH_USER_PATHS = NO;
				CLANG_ANALYZER_NONNULL = YES;
				CLANG_ANALYZER_NUMBER_OBJECT_CONVERSION = YES_AGGRESSIVE;
				CLANG_CXX_LANGUAGE_STANDARD = "gnu++20";
				CLANG_ENABLE_MODULES = YES;
				CLANG_ENABLE_OBJC_ARC = YES;
				CLANG_ENABLE_OBJC_WEAK = YES;
				CLANG_WARN_BLOCK_CAPTURE_AUTORELEASING = YES;
				CLANG_WARN_BOOL_CONVERSION = YES;
				CLANG_WARN_COMMA = YES;
				CLANG_WARN_CONSTANT_CONVERSION = YES;
				CLANG_WARN_DEPRECATED_OBJC_IMPLEMENTATIONS = YES;
				CLANG_WARN_DIRECT_OBJC_ISA_USAGE = YES_ERROR;
				CLANG_WARN_DOCUMENTATION_COMMENTS = YES;
				CLANG_WARN_EMPTY_BODY = YES;
				CLANG_WARN_ENUM_CONVERSION = YES;
				CLANG_WARN_INFINITE_RECURSION = YES;
				CLANG_WARN_INT_CONVERSION = YES;
				CLANG_WARN_NON_LITERAL_NULL_CONVERSION = YES;
				CLANG_WARN_OBJC_IMPLICIT_RETAIN_SELF = YES;
				CLANG_WARN_OBJC_LITERAL_CONVERSION = YES;
				CLANG_WARN_OBJC_ROOT_CLASS = YES_ERROR;
				CLANG_WARN_QUOTED_INCLUDE_IN_FRAMEWORK_HEADER = YES;
				CLANG_WARN_RANGE_LOOP_ANALYSIS = YES;
				CLANG_WARN_STRICT_PROTOTYPES = YES;
				CLANG_WARN_SUSPICIOUS_MOVE = YES;
				CLANG_WARN_UNGUARDED_AVAILABILITY = YES_AGGRESSIVE;
				CLANG_WARN_UNREACHABLE_CODE = YES;
				CLANG_WARN__DUPLICATE_METHOD_MATCH = YES;
				COPY_PHASE_STRIP = NO;
				DEBUG_INFORMATION_FORMAT = dwarf;
				ENABLE_STRICT_OBJC_MSGSEND = YES;
				ENABLE_TESTABILITY = YES;
				GCC_C_LANGUAGE_STANDARD = gnu11;
				GCC_DYNAMIC_NO_PIC = NO;
				GCC_NO_COMMON_BLOCKS = YES;
				GCC_OPTIMIZATION_LEVEL = 0;
				GCC_PREPROCESSOR_DEFINITIONS = (
					"DEBUG=1",
					"$(inherited)",
				);
				GCC_WARN_64_TO_32_BIT_CONVERSION = YES;
				GCC_WARN_ABOUT_RETURN_TYPE = YES_ERROR;
				GCC_WARN_UNDECLARED_SELECTOR = YES;
				GCC_WARN_UNINITIALIZED_AUTOS = YES_AGGRESSIVE;
				GCC_WARN_UNUSED_FUNCTION = YES;
				GCC_WARN_UNUSED_VARIABLE = YES;
				IPHONEOS_DEPLOYMENT_TARGET = 16.2;
				MTL_ENABLE_DEBUG_INFO = INCLUDE_SOURCE;
				MTL_FAST_MATH = YES;
				ONLY_ACTIVE_ARCH = YES;
				SDKROOT = iphoneos;
				SWIFT_ACTIVE_COMPILATION_CONDITIONS = DEBUG;
				SWIFT_OPTIMIZATION_LEVEL = "-Onone";
			};
			name = Debug;
		};
		CBD7E381298E7AE6004C06CF /* Release */ = {
			isa = XCBuildConfiguration;
			buildSettings = {
				ALWAYS_SEARCH_USER_PATHS = NO;
				CLANG_ANALYZER_NONNULL = YES;
				CLANG_ANALYZER_NUMBER_OBJECT_CONVERSION = YES_AGGRESSIVE;
				CLANG_CXX_LANGUAGE_STANDARD = "gnu++20";
				CLANG_ENABLE_MODULES = YES;
				CLANG_ENABLE_OBJC_ARC = YES;
				CLANG_ENABLE_OBJC_WEAK = YES;
				CLANG_WARN_BLOCK_CAPTURE_AUTORELEASING = YES;
				CLANG_WARN_BOOL_CONVERSION = YES;
				CLANG_WARN_COMMA = YES;
				CLANG_WARN_CONSTANT_CONVERSION = YES;
				CLANG_WARN_DEPRECATED_OBJC_IMPLEMENTATIONS = YES;
				CLANG_WARN_DIRECT_OBJC_ISA_USAGE = YES_ERROR;
				CLANG_WARN_DOCUMENTATION_COMMENTS = YES;
				CLANG_WARN_EMPTY_BODY = YES;
				CLANG_WARN_ENUM_CONVERSION = YES;
				CLANG_WARN_INFINITE_RECURSION = YES;
				CLANG_WARN_INT_CONVERSION = YES;
				CLANG_WARN_NON_LITERAL_NULL_CONVERSION = YES;
				CLANG_WARN_OBJC_IMPLICIT_RETAIN_SELF = YES;
				CLANG_WARN_OBJC_LITERAL_CONVERSION = YES;
				CLANG_WARN_OBJC_ROOT_CLASS = YES_ERROR;
				CLANG_WARN_QUOTED_INCLUDE_IN_FRAMEWORK_HEADER = YES;
				CLANG_WARN_RANGE_LOOP_ANALYSIS = YES;
				CLANG_WARN_STRICT_PROTOTYPES = YES;
				CLANG_WARN_SUSPICIOUS_MOVE = YES;
				CLANG_WARN_UNGUARDED_AVAILABILITY = YES_AGGRESSIVE;
				CLANG_WARN_UNREACHABLE_CODE = YES;
				CLANG_WARN__DUPLICATE_METHOD_MATCH = YES;
				COPY_PHASE_STRIP = NO;
				DEBUG_INFORMATION_FORMAT = "dwarf-with-dsym";
				ENABLE_NS_ASSERTIONS = NO;
				ENABLE_STRICT_OBJC_MSGSEND = YES;
				GCC_C_LANGUAGE_STANDARD = gnu11;
				GCC_NO_COMMON_BLOCKS = YES;
				GCC_WARN_64_TO_32_BIT_CONVERSION = YES;
				GCC_WARN_ABOUT_RETURN_TYPE = YES_ERROR;
				GCC_WARN_UNDECLARED_SELECTOR = YES;
				GCC_WARN_UNINITIALIZED_AUTOS = YES_AGGRESSIVE;
				GCC_WARN_UNUSED_FUNCTION = YES;
				GCC_WARN_UNUSED_VARIABLE = YES;
				IPHONEOS_DEPLOYMENT_TARGET = 16.2;
				MTL_ENABLE_DEBUG_INFO = NO;
				MTL_FAST_MATH = YES;
				SDKROOT = iphoneos;
				SWIFT_COMPILATION_MODE = wholemodule;
				SWIFT_OPTIMIZATION_LEVEL = "-O";
				VALIDATE_PRODUCT = YES;
			};
			name = Release;
		};
		CBD7E383298E7AE6004C06CF /* Debug */ = {
			isa = XCBuildConfiguration;
			buildSettings = {
				ASSETCATALOG_COMPILER_APPICON_NAME = AppIcon;
				ASSETCATALOG_COMPILER_GLOBAL_ACCENT_COLOR_NAME = AccentColor;
				CODE_SIGN_STYLE = Automatic;
				CURRENT_PROJECT_VERSION = 1;
				DEVELOPMENT_TEAM = YF57B659EP;
				GENERATE_INFOPLIST_FILE = YES;
				INFOPLIST_FILE = "Rick&Morty/Info.plist";
				INFOPLIST_KEY_UIApplicationSupportsIndirectInputEvents = YES;
				INFOPLIST_KEY_UILaunchStoryboardName = LaunchScreen;
				INFOPLIST_KEY_UISupportedInterfaceOrientations_iPad = "UIInterfaceOrientationPortrait UIInterfaceOrientationPortraitUpsideDown UIInterfaceOrientationLandscapeLeft UIInterfaceOrientationLandscapeRight";
				INFOPLIST_KEY_UISupportedInterfaceOrientations_iPhone = "UIInterfaceOrientationPortrait UIInterfaceOrientationLandscapeLeft UIInterfaceOrientationLandscapeRight";
				LD_RUNPATH_SEARCH_PATHS = (
					"$(inherited)",
					"@executable_path/Frameworks",
				);
				MARKETING_VERSION = 1.0;
				PRODUCT_BUNDLE_IDENTIFIER = "com.erxhanselmani.Rick-Morty";
				PRODUCT_NAME = "$(TARGET_NAME)";
				SWIFT_EMIT_LOC_STRINGS = YES;
				SWIFT_VERSION = 5.0;
				TARGETED_DEVICE_FAMILY = "1,2";
			};
			name = Debug;
		};
		CBD7E384298E7AE6004C06CF /* Release */ = {
			isa = XCBuildConfiguration;
			buildSettings = {
				ASSETCATALOG_COMPILER_APPICON_NAME = AppIcon;
				ASSETCATALOG_COMPILER_GLOBAL_ACCENT_COLOR_NAME = AccentColor;
				CODE_SIGN_STYLE = Automatic;
				CURRENT_PROJECT_VERSION = 1;
				DEVELOPMENT_TEAM = YF57B659EP;
				GENERATE_INFOPLIST_FILE = YES;
				INFOPLIST_FILE = "Rick&Morty/Info.plist";
				INFOPLIST_KEY_UIApplicationSupportsIndirectInputEvents = YES;
				INFOPLIST_KEY_UILaunchStoryboardName = LaunchScreen;
				INFOPLIST_KEY_UISupportedInterfaceOrientations_iPad = "UIInterfaceOrientationPortrait UIInterfaceOrientationPortraitUpsideDown UIInterfaceOrientationLandscapeLeft UIInterfaceOrientationLandscapeRight";
				INFOPLIST_KEY_UISupportedInterfaceOrientations_iPhone = "UIInterfaceOrientationPortrait UIInterfaceOrientationLandscapeLeft UIInterfaceOrientationLandscapeRight";
				LD_RUNPATH_SEARCH_PATHS = (
					"$(inherited)",
					"@executable_path/Frameworks",
				);
				MARKETING_VERSION = 1.0;
				PRODUCT_BUNDLE_IDENTIFIER = "com.erxhanselmani.Rick-Morty";
				PRODUCT_NAME = "$(TARGET_NAME)";
				SWIFT_EMIT_LOC_STRINGS = YES;
				SWIFT_VERSION = 5.0;
				TARGETED_DEVICE_FAMILY = "1,2";
			};
			name = Release;
		};
/* End XCBuildConfiguration section */

/* Begin XCConfigurationList section */
		CBD7E369298E7AE5004C06CF /* Build configuration list for PBXProject "Rick&Morty" */ = {
			isa = XCConfigurationList;
			buildConfigurations = (
				CBD7E380298E7AE6004C06CF /* Debug */,
				CBD7E381298E7AE6004C06CF /* Release */,
			);
			defaultConfigurationIsVisible = 0;
			defaultConfigurationName = Release;
		};
		CBD7E382298E7AE6004C06CF /* Build configuration list for PBXNativeTarget "Rick&Morty" */ = {
			isa = XCConfigurationList;
			buildConfigurations = (
				CBD7E383298E7AE6004C06CF /* Debug */,
				CBD7E384298E7AE6004C06CF /* Release */,
			);
			defaultConfigurationIsVisible = 0;
			defaultConfigurationName = Release;
		};
/* End XCConfigurationList section */
	};
	rootObject = CBD7E366298E7AE5004C06CF /* Project object */;
}
